
Microsoft Visual Studio Solution File, Format Version 12.00
# Visual Studio Version 17
VisualStudioVersion = 17.11.35312.102
MinimumVisualStudioVersion = 10.0.40219.1
Project("{FAE04EC0-301F-11D3-BF4B-00C04F79EFBC}") = "Turkcell_GY_Urun_Takip_Entitiy", "Turkcell_GY_Urun_Takip_Entitiy\Turkcell_GY_Urun_Takip_Entitiy.csproj", "{D55FEDD9-0E4E-4513-B5E7-614FDE8689EE}"
EndProject
Global
	GlobalSection(SolutionConfigurationPlatforms) = preSolution
		Debug|Any CPU = Debug|Any CPU
		Release|Any CPU = Release|Any CPU
	EndGlobalSection
	GlobalSection(ProjectConfigurationPlatforms) = postSolution
		{D55FEDD9-0E4E-4513-B5E7-614FDE8689EE}.Debug|Any CPU.ActiveCfg = Debug|Any CPU
		{D55FEDD9-0E4E-4513-B5E7-614FDE8689EE}.Debug|Any CPU.Build.0 = Debug|Any CPU
		{D55FEDD9-0E4E-4513-B5E7-614FDE8689EE}.Release|Any CPU.ActiveCfg = Release|Any CPU
		{D55FEDD9-0E4E-4513-B5E7-614FDE8689EE}.Release|Any CPU.Build.0 = Release|Any CPU
	EndGlobalSection
	GlobalSection(SolutionProperties) = preSolution
		HideSolutionNode = FALSE
	EndGlobalSection
	GlobalSection(ExtensibilityGlobals) = postSolution
		SolutionGuid = {F322DE82-B591-4B13-846F-B56F8B970401}
	EndGlobalSection
EndGlobal
